
Microsoft Visual Studio Solution File, Format Version 12.00
# Visual Studio Version 17
VisualStudioVersion = 17.3.32929.385
MinimumVisualStudioVersion = 10.0.40219.1
Project("{9A19103F-16F7-4668-BE54-9A1E7A4F7556}") = "ConsoleApp1", "ConsoleApp1\ConsoleApp1.csproj", "{8F71021E-3E0E-4DC2-8DB5-44A4EBC50B80}"
EndProject
Project("{FAE04EC0-301F-11D3-BF4B-00C04F79EFBC}") = "hw1", "hw1\hw1.csproj", "{C529B9A3-63EB-4B1B-96BE-065135955A31}"
EndProject
Global
	GlobalSection(SolutionConfigurationPlatforms) = preSolution
		Debug|Any CPU = Debug|Any CPU
		Release|Any CPU = Release|Any CPU
	EndGlobalSection
	GlobalSection(ProjectConfigurationPlatforms) = postSolution
		{8F71021E-3E0E-4DC2-8DB5-44A4EBC50B80}.Debug|Any CPU.ActiveCfg = Debug|Any CPU
		{8F71021E-3E0E-4DC2-8DB5-44A4EBC50B80}.Debug|Any CPU.Build.0 = Debug|Any CPU
		{8F71021E-3E0E-4DC2-8DB5-44A4EBC50B80}.Release|Any CPU.ActiveCfg = Release|Any CPU
		{8F71021E-3E0E-4DC2-8DB5-44A4EBC50B80}.Release|Any CPU.Build.0 = Release|Any CPU
		{C529B9A3-63EB-4B1B-96BE-065135955A31}.Debug|Any CPU.ActiveCfg = Debug|Any CPU
		{C529B9A3-63EB-4B1B-96BE-065135955A31}.Debug|Any CPU.Build.0 = Debug|Any CPU
		{C529B9A3-63EB-4B1B-96BE-065135955A31}.Release|Any CPU.ActiveCfg = Release|Any CPU
		{C529B9A3-63EB-4B1B-96BE-065135955A31}.Release|Any CPU.Build.0 = Release|Any CPU
	EndGlobalSection
	GlobalSection(SolutionProperties) = preSolution
		HideSolutionNode = FALSE
	EndGlobalSection
	GlobalSection(ExtensibilityGlobals) = postSolution
		SolutionGuid = {44383146-F668-4DE8-93F8-A14F2125E77C}
	EndGlobalSection
EndGlobal
