
Microsoft Visual Studio Solution File, Format Version 12.00
# Visual Studio Version 17
VisualStudioVersion = 17.4.33205.214
MinimumVisualStudioVersion = 10.0.40219.1
Project("{FAE04EC0-301F-11D3-BF4B-00C04F79EFBC}") = "interface_practice", "interface_practice\interface_practice.csproj", "{81554DA4-E49C-429F-8971-DC22641BFFFB}"
EndProject
Global
	GlobalSection(SolutionConfigurationPlatforms) = preSolution
		Debug|Any CPU = Debug|Any CPU
		Release|Any CPU = Release|Any CPU
	EndGlobalSection
	GlobalSection(ProjectConfigurationPlatforms) = postSolution
		{81554DA4-E49C-429F-8971-DC22641BFFFB}.Debug|Any CPU.ActiveCfg = Debug|Any CPU
		{81554DA4-E49C-429F-8971-DC22641BFFFB}.Debug|Any CPU.Build.0 = Debug|Any CPU
		{81554DA4-E49C-429F-8971-DC22641BFFFB}.Release|Any CPU.ActiveCfg = Release|Any CPU
		{81554DA4-E49C-429F-8971-DC22641BFFFB}.Release|Any CPU.Build.0 = Release|Any CPU
	EndGlobalSection
	GlobalSection(SolutionProperties) = preSolution
		HideSolutionNode = FALSE
	EndGlobalSection
	GlobalSection(ExtensibilityGlobals) = postSolution
		SolutionGuid = {0EA2A954-68DF-4467-A881-D22CB0BC57F0}
	EndGlobalSection
EndGlobal
